lockfileVersion: 5.3

specifiers:
  glslx: ^0.2.13
  rollup: ^2.70.1

devDependencies:
  glslx: 0.2.13
  rollup: 2.70.1

packages:

  /fsevents/2.3.2:
    resolution: {integrity: sha512-xiqMQR4xAeHTuB9uWm+fFRcIOgKBMiOBP+eXiyT7jsgVCq1bkVygt00oASowB7EdtpOHaaPgKt812P9ab+DDKA==}
    engines: {node: ^8.16.0 || ^10.6.0 || >=11.0.0}
    os: [darwin]
    requiresBuild: true
    dev: true
    optional: true

  /glslx/0.2.13:
    resolution: {integrity: sha512-AjvDqcG3JGHFphnDpPraIiIVuNigblOGofr8EZFGlHUbpCuPzS43H3oqgd3m8h0+8a4Wf59fG5AMC1XirJjXfg==}
    hasBin: true
    dev: true

  /rollup/2.70.1:
    resolution: {integrity: sha512-CRYsI5EuzLbXdxC6RnYhOuRdtz4bhejPMSWjsFLfVM/7w/85n2szZv6yExqUXsBdz5KT8eoubeyDUDjhLHEslA==}
    engines: {node: '>=10.0.0'}
    hasBin: true
    optionalDependencies:
      fsevents: 2.3.2
    dev: true
